
Microsoft Visual Studio Solution File, Format Version 12.00
# Visual Studio Version 17
VisualStudioVersion = 17.9.34728.123
MinimumVisualStudioVersion = 10.0.40219.1
Project("{9A19103F-16F7-4668-BE54-9A1E7A4F7556}") = "WebApi", "WebApi\WebApi.csproj", "{08B9D08C-7EA6-442B-ACEA-8B043925C68A}"
EndProject
Project("{9A19103F-16F7-4668-BE54-9A1E7A4F7556}") = "Persistence", "Persistance\Persistence.csproj", "{436C74B2-79E1-4CE2-8847-80382BF9DADF}"
EndProject
Project("{9A19103F-16F7-4668-BE54-9A1E7A4F7556}") = "Domain", "Domain\Domain.csproj", "{778DF423-68CD-4683-8019-2D18180F0B8F}"
EndProject
Project("{9A19103F-16F7-4668-BE54-9A1E7A4F7556}") = "Application", "Application\Application.csproj", "{A0418193-941A-45E7-B681-A33F13BDD262}"
EndProject
Project("{9A19103F-16F7-4668-BE54-9A1E7A4F7556}") = "Infrastructure", "Infrastructure\Infrastructure.csproj", "{36D96820-1B20-4FD8-A3AE-D809E420330B}"
EndProject
Global
	GlobalSection(SolutionConfigurationPlatforms) = preSolution
		Debug|Any CPU = Debug|Any CPU
		Release|Any CPU = Release|Any CPU
	EndGlobalSection
	GlobalSection(ProjectConfigurationPlatforms) = postSolution
		{08B9D08C-7EA6-442B-ACEA-8B043925C68A}.Debug|Any CPU.ActiveCfg = Debug|Any CPU
		{08B9D08C-7EA6-442B-ACEA-8B043925C68A}.Debug|Any CPU.Build.0 = Debug|Any CPU
		{08B9D08C-7EA6-442B-ACEA-8B043925C68A}.Release|Any CPU.ActiveCfg = Release|Any CPU
		{08B9D08C-7EA6-442B-ACEA-8B043925C68A}.Release|Any CPU.Build.0 = Release|Any CPU
		{436C74B2-79E1-4CE2-8847-80382BF9DADF}.Debug|Any CPU.ActiveCfg = Debug|Any CPU
		{436C74B2-79E1-4CE2-8847-80382BF9DADF}.Debug|Any CPU.Build.0 = Debug|Any CPU
		{436C74B2-79E1-4CE2-8847-80382BF9DADF}.Release|Any CPU.ActiveCfg = Release|Any CPU
		{436C74B2-79E1-4CE2-8847-80382BF9DADF}.Release|Any CPU.Build.0 = Release|Any CPU
		{778DF423-68CD-4683-8019-2D18180F0B8F}.Debug|Any CPU.ActiveCfg = Debug|Any CPU
		{778DF423-68CD-4683-8019-2D18180F0B8F}.Debug|Any CPU.Build.0 = Debug|Any CPU
		{778DF423-68CD-4683-8019-2D18180F0B8F}.Release|Any CPU.ActiveCfg = Release|Any CPU
		{778DF423-68CD-4683-8019-2D18180F0B8F}.Release|Any CPU.Build.0 = Release|Any CPU
		{A0418193-941A-45E7-B681-A33F13BDD262}.Debug|Any CPU.ActiveCfg = Debug|Any CPU
		{A0418193-941A-45E7-B681-A33F13BDD262}.Debug|Any CPU.Build.0 = Debug|Any CPU
		{A0418193-941A-45E7-B681-A33F13BDD262}.Release|Any CPU.ActiveCfg = Release|Any CPU
		{A0418193-941A-45E7-B681-A33F13BDD262}.Release|Any CPU.Build.0 = Release|Any CPU
		{36D96820-1B20-4FD8-A3AE-D809E420330B}.Debug|Any CPU.ActiveCfg = Debug|Any CPU
		{36D96820-1B20-4FD8-A3AE-D809E420330B}.Debug|Any CPU.Build.0 = Debug|Any CPU
		{36D96820-1B20-4FD8-A3AE-D809E420330B}.Release|Any CPU.ActiveCfg = Release|Any CPU
		{36D96820-1B20-4FD8-A3AE-D809E420330B}.Release|Any CPU.Build.0 = Release|Any CPU
	EndGlobalSection
	GlobalSection(SolutionProperties) = preSolution
		HideSolutionNode = FALSE
	EndGlobalSection
	GlobalSection(ExtensibilityGlobals) = postSolution
		SolutionGuid = {B5EBAD41-6358-468B-8718-59F7511B0CB4}
	EndGlobalSection
EndGlobal
